{
  "name": "samples",
  "version": "1.0.0",
  "lockfileVersion": 1,
  "requires": true,
  "dependencies": {
    "ansi-styles": {
      "version": "3.2.1",
      "resolved": "https://registry.npmjs.org/ansi-styles/-/ansi-styles-3.2.1.tgz",
      "integrity": "sha512-VT0ZI6kZRdTh8YyJw3SMbYm/u+NqfsAxEpWO0Pf9sq8/e94WxxOpPKx9FR1FlyCtOVDNOQ+8ntlqFxiRc+r5qA==",
      "requires": {
        "color-convert": "^1.9.0"
      }
    },
    "byline": {
      "version": "5.0.0",
      "resolved": "https://registry.npmjs.org/byline/-/byline-5.0.0.tgz",
      "integrity": "sha1-dBxSFkaOrcRXsDQQEYrXfejB3bE="
    },
    "chalk": {
      "version": "2.4.2",
      "resolved": "https://registry.npmjs.org/chalk/-/chalk-2.4.2.tgz",
      "integrity": "sha512-Mti+f9lpJNcwF4tWV8/OrTTtF1gZi+f8FqlyAdouralcFWFQWF2+NgCHShjkCb+IFBLq9buZwE1xckQU4peSuQ==",
      "requires": {
        "ansi-styles": "^3.2.1",
        "escape-string-regexp": "^1.0.5",
        "supports-color": "^5.3.0"
      }
    },
    "color-convert": {
      "version": "1.9.3",
      "resolved": "https://registry.npmjs.org/color-convert/-/color-convert-1.9.3.tgz",
      "integrity": "sha512-QfAUtd+vFdAtFQcC8CCyYt1fYWxSqAiK2cSD6zDB8N3cpsEBAvRxp9zOGg6G/SHHJYAT88/az/IuDGALsNVbGg==",
      "requires": {
        "color-name": "1.1.3"
      }
    },
    "color-name": {
      "version": "1.1.3",
      "resolved": "https://registry.npmjs.org/color-name/-/color-name-1.1.3.tgz",
      "integrity": "sha1-p9BVi9icQveV3UIyj3QIMcpTvCU="
    },
    "debug": {
      "version": "4.1.1",
      "resolved": "https://registry.npmjs.org/debug/-/debug-4.1.1.tgz",
      "integrity": "sha512-pYAIzeRo8J6KPEaJ0VWOh5Pzkbw/RetuzehGM7QRRX5he4fPHx2rdKMB256ehJCkX+XRQm16eZLqLNS8RSZXZw==",
      "requires": {
        "ms": "^2.1.1"
      }
    },
    "diff-match-patch": {
      "version": "1.0.4",
      "resolved": "https://registry.npmjs.org/diff-match-patch/-/diff-match-patch-1.0.4.tgz",
      "integrity": "sha512-Uv3SW8bmH9nAtHKaKSanOQmj2DnlH65fUpcrMdfdaOxUG02QQ4YGZ8AE7kKOMisF7UqvOlGKVYWRvezdncW9lg=="
    },
    "escape-string-regexp": {
      "version": "1.0.5",
      "resolved": "https://registry.npmjs.org/escape-string-regexp/-/escape-string-regexp-1.0.5.tgz",
      "integrity": "sha1-G2HAViGQqN/2rjuyzwIAyhMLhtQ="
    },
    "has-flag": {
      "version": "3.0.0",
      "resolved": "https://registry.npmjs.org/has-flag/-/has-flag-3.0.0.tgz",
      "integrity": "sha1-tdRU3CGZriJWmfNGfloH87lVuv0="
    },
    "iconv": {
      "version": "2.3.5",
      "resolved": "https://registry.npmjs.org/iconv/-/iconv-2.3.5.tgz",
      "integrity": "sha512-U5ajDbtDfadp7pvUMC0F2XbkP5vQn9Xrwa6UptePl+cK8EILxapAt3sXers9B3Gxagk+zVjL2ELKuzQvyqOwug==",
      "requires": {
        "nan": "^2.14.0",
        "safer-buffer": "^2.1.2"
      }
    },
    "json-decycle": {
      "version": "1.0.0",
      "resolved": "https://registry.npmjs.org/json-decycle/-/json-decycle-1.0.0.tgz",
      "integrity": "sha1-291dqqVlivrEkhLT+ZZpTQd1AwI="
    },
    "jsondiffpatch": {
      "version": "0.3.11",
      "resolved": "https://registry.npmjs.org/jsondiffpatch/-/jsondiffpatch-0.3.11.tgz",
      "integrity": "sha512-Xi3Iygdt/BGhml6bdUFhgDki1TgOsp3hG3iiH3KtzP+CahtGcdPfKRLlnZbSw+3b1umZkhmKrqXUgUcKenyhtA==",
      "requires": {
        "chalk": "^2.3.0",
        "diff-match-patch": "^1.0.0"
      }
    },
    "leaked-handles": {
      "version": "5.2.0",
      "resolved": "https://registry.npmjs.org/leaked-handles/-/leaked-handles-5.2.0.tgz",
      "integrity": "sha1-ZyKOkCk7fg7jbEGQ4fVBzd7OYn8=",
      "requires": {
        "process": "^0.10.0",
        "weakmap-shim": "^1.1.0",
        "xtend": "^4.0.0"
      }
    },
    "merge-stream": {
      "version": "2.0.0",
      "resolved": "https://registry.npmjs.org/merge-stream/-/merge-stream-2.0.0.tgz",
      "integrity": "sha512-abv/qOcuPfk3URPfDzmZU1LKmuw8kT+0nIHvKrKgFrwifol/doWcdA4ZqsWQ8ENrFKkd67Mfpo/LovbIUsbt3w=="
    },
    "ms": {
      "version": "2.1.2",
      "resolved": "https://registry.npmjs.org/ms/-/ms-2.1.2.tgz",
      "integrity": "sha512-sGkPx+VjMtmA6MX27oA4FBFELFCZZ4S4XqeGOXCv68tT+jb3vk/RyaKWP0PTKyWtmLSM0b+adUTEvbs1PEaH2w=="
    },
    "nan": {
      "version": "2.14.0",
      "resolved": "https://registry.npmjs.org/nan/-/nan-2.14.0.tgz",
      "integrity": "sha512-INOFj37C7k3AfaNTtX8RhsTw7qRy7eLET14cROi9+5HAVbbHuIWUHEauBv5qT4Av2tWasiTY1Jw6puUNqRJXQg=="
    },
    "process": {
      "version": "0.10.1",
      "resolved": "https://registry.npmjs.org/process/-/process-0.10.1.tgz",
      "integrity": "sha1-hCRXzFHP7XLcd1r+6vuMYDQ3JyU="
    },
    "safer-buffer": {
      "version": "2.1.2",
      "resolved": "https://registry.npmjs.org/safer-buffer/-/safer-buffer-2.1.2.tgz",
      "integrity": "sha512-YZo3K82SD7Riyi0E1EQPojLz7kpepnSQI9IyPbHHg1XXXevb5dJI7tpyN2ADxGcQbHG7vcyRHk0cbwqcQriUtg=="
    },
    "stack-trace": {
      "version": "0.0.10",
      "resolved": "https://registry.npmjs.org/stack-trace/-/stack-trace-0.0.10.tgz",
      "integrity": "sha1-VHxws0fo0ytOEI6hoqFZ5f3eGcA="
    },
    "supports-color": {
      "version": "5.5.0",
      "resolved": "https://registry.npmjs.org/supports-color/-/supports-color-5.5.0.tgz",
      "integrity": "sha512-QjVjwdXIt408MIiAqCX4oUKsgU2EqAGzs2Ppkm4aQYbjm+ZEWEcW4SfFNTr4uMNZma0ey4f5lgLrkB0aX0QMow==",
      "requires": {
        "has-flag": "^3.0.0"
      }
    },
    "weakmap-shim": {
      "version": "1.1.1",
      "resolved": "https://registry.npmjs.org/weakmap-shim/-/weakmap-shim-1.1.1.tgz",
      "integrity": "sha1-1lr9eEEJshZuAP9XHDMVDsKkC0k="
    },
    "xtend": {
      "version": "4.0.2",
      "resolved": "https://registry.npmjs.org/xtend/-/xtend-4.0.2.tgz",
      "integrity": "sha512-LKYU1iAXJXUgAXn9URjiu+MWhyUXHsvfp7mcuYm9dSUKK0/CjtrUwFAxD82/mCWbtLsGjFIad0wIsod4zrTAEQ=="
    }
  }
}
